// !$*UTF8*$!
{
	archiveVersion = 1;
	classes = {
	};
	objectVersion = 56;
	objects = {

/* Begin PBXBuildFile section */
		AB9551FB297B464500012320 /* ErrorProblems_Ch2App.swift in Sources */ = {isa = PBXBuildFile; fileRef = AB9551FA297B464500012320 /* ErrorProblems_Ch2App.swift */; };
		AB9551FD297B464500012320 /* ContentView.swift in Sources */ = {isa = PBXBuildFile; fileRef = AB9551FC297B464500012320 /* ContentView.swift */; };
		AB9551FF297B464600012320 /* Assets.xcassets in Resources */ = {isa = PBXBuildFile; fileRef = AB9551FE297B464600012320 /* Assets.xcassets */; };
		AB955203297B464600012320 /* Preview Assets.xcassets in Resources */ = {isa = PBXBuildFile; fileRef = AB955202297B464600012320 /* Preview Assets.xcassets */; };
		AB95520D297B464600012320 /* ErrorProblems_Ch2Tests.swift in Sources */ = {isa = PBXBuildFile; fileRef = AB95520C297B464600012320 /* ErrorProblems_Ch2Tests.swift */; };
		AB955217297B464600012320 /* ErrorProblems_Ch2UITests.swift in Sources */ = {isa = PBXBuildFile; fileRef = AB955216297B464600012320 /* ErrorProblems_Ch2UITests.swift */; };
		AB955219297B464600012320 /* ErrorProblems_Ch2UITestsLaunchTests.swift in Sources */ = {isa = PBXBuildFile; fileRef = AB955218297B464600012320 /* ErrorProblems_Ch2UITestsLaunchTests.swift */; };
/* End PBXBuildFile section */

/* Begin PBXContainerItemProxy section */
		AB955209297B464600012320 /* PBXContainerItemProxy */ = {
			isa = PBXContainerItemProxy;
			containerPortal = AB9551EF297B464500012320 /* Project object */;
			proxyType = 1;
			remoteGlobalIDString = AB9551F6297B464500012320;
			remoteInfo = ErrorProblems_Ch2;
		};
		AB955213297B464600012320 /* PBXContainerItemProxy */ = {
			isa = PBXContainerItemProxy;
			containerPortal = AB9551EF297B464500012320 /* Project object */;
			proxyType = 1;
			remoteGlobalIDString = AB9551F6297B464500012320;
			remoteInfo = ErrorProblems_Ch2;
		};
/* End PBXContainerItemProxy section */

/* Begin PBXFileReference section */
		AB9551F7297B464500012320 /* ErrorProblems_Ch2.app */ = {isa = PBXFileReference; explicitFileType = wrapper.application; includeInIndex = 0; path = ErrorProblems_Ch2.app; sourceTree = BUILT_PRODUCTS_DIR; };
		AB9551FA297B464500012320 /* ErrorProblems_Ch2App.swift */ = {isa = PBXFileReference; lastKnownFileType = sourcecode.swift; path = ErrorProblems_Ch2App.swift; sourceTree = "<group>"; };
		AB9551FC297B464500012320 /* ContentView.swift */ = {isa = PBXFileReference; lastKnownFileType = sourcecode.swift; path = ContentView.swift; sourceTree = "<group>"; };
		AB9551FE297B464600012320 /* Assets.xcassets */ = {isa = PBXFileReference; lastKnownFileType = folder.assetcatalog; path = Assets.xcassets; sourceTree = "<group>"; };
		AB955200297B464600012320 /* ErrorProblems_Ch2.entitlements */ = {isa = PBXFileReference; lastKnownFileType = text.plist.entitlements; path = ErrorProblems_Ch2.entitlements; sourceTree = "<group>"; };
		AB955202297B464600012320 /* Preview Assets.xcassets */ = {isa = PBXFileReference; lastKnownFileType = folder.assetcatalog; path = "Preview Assets.xcassets"; sourceTree = "<group>"; };
		AB955208297B464600012320 /* ErrorProblems_Ch2Tests.xctest */ = {isa = PBXFileReference; explicitFileType = wrapper.cfbundle; includeInIndex = 0; path = ErrorProblems_Ch2Tests.xctest; sourceTree = BUILT_PRODUCTS_DIR; };
		AB95520C297B464600012320 /* ErrorProblems_Ch2Tests.swift */ = {isa = PBXFileReference; lastKnownFileType = sourcecode.swift; path = ErrorProblems_Ch2Tests.swift; sourceTree = "<group>"; };
		AB955212297B464600012320 /* ErrorProblems_Ch2UITests.xctest */ = {isa = PBXFileReference; explicitFileType = wrapper.cfbundle; includeInIndex = 0; path = ErrorProblems_Ch2UITests.xctest; sourceTree = BUILT_PRODUCTS_DIR; };
		AB955216297B464600012320 /* ErrorProblems_Ch2UITests.swift */ = {isa = PBXFileReference; lastKnownFileType = sourcecode.swift; path = ErrorProblems_Ch2UITests.swift; sourceTree = "<group>"; };
		AB955218297B464600012320 /* ErrorProblems_Ch2UITestsLaunchTests.swift */ = {isa = PBXFileReference; lastKnownFileType = sourcecode.swift; path = ErrorProblems_Ch2UITestsLaunchTests.swift; sourceTree = "<group>"; };
/* End PBXFileReference section */

/* Begin PBXFrameworksBuildPhase section */
		AB9551F4297B464500012320 /* Frameworks */ = {
			isa = PBXFrameworksBuildPhase;
			buildActionMask = 2147483647;
			files = (
			);
			runOnlyForDeploymentPostprocessing = 0;
		};
		AB955205297B464600012320 /* Frameworks */ = {
			isa = PBXFrameworksBuildPhase;
			buildActionMask = 2147483647;
			files = (
			);
			runOnlyForDeploymentPostprocessing = 0;
		};
		AB95520F297B464600012320 /* Frameworks */ = {
			isa = PBXFrameworksBuildPhase;
			buildActionMask = 2147483647;
			files = (
			);
			runOnlyForDeploymentPostprocessing = 0;
		};
/* End PBXFrameworksBuildPhase section */

/* Begin PBXGroup section */
		AB9551EE297B464500012320 = {
			isa = PBXGroup;
			children = (
				AB9551F9297B464500012320 /* ErrorProblems_Ch2 */,
				AB95520B297B464600012320 /* ErrorProblems_Ch2Tests */,
				AB955215297B464600012320 /* ErrorProblems_Ch2UITests */,
				AB9551F8297B464500012320 /* Products */,
			);
			sourceTree = "<group>";
		};
		AB9551F8297B464500012320 /* Products */ = {
			isa = PBXGroup;
			children = (
				AB9551F7297B464500012320 /* ErrorProblems_Ch2.app */,
				AB955208297B464600012320 /* ErrorProblems_Ch2Tests.xctest */,
				AB955212297B464600012320 /* ErrorProblems_Ch2UITests.xctest */,
			);
			name = Products;
			sourceTree = "<group>";
		};
		AB9551F9297B464500012320 /* ErrorProblems_Ch2 */ = {
			isa = PBXGroup;
			children = (
				AB9551FA297B464500012320 /* ErrorProblems_Ch2App.swift */,
				AB9551FC297B464500012320 /* ContentView.swift */,
				AB9551FE297B464600012320 /* Assets.xcassets */,
				AB955200297B464600012320 /* ErrorProblems_Ch2.entitlements */,
				AB955201297B464600012320 /* Preview Content */,
			);
			path = ErrorProblems_Ch2;
			sourceTree = "<group>";
		};
		AB955201297B464600012320 /* Preview Content */ = {
			isa = PBXGroup;
			children = (
				AB955202297B464600012320 /* Preview Assets.xcassets */,
			);
			path = "Preview Content";
			sourceTree = "<group>";
		};
		AB95520B297B464600012320 /* ErrorProblems_Ch2Tests */ = {
			isa = PBXGroup;
			children = (
				AB95520C297B464600012320 /* ErrorProblems_Ch2Tests.swift */,
			);
			path = ErrorProblems_Ch2Tests;
			sourceTree = "<group>";
		};
		AB955215297B464600012320 /* ErrorProblems_Ch2UITests */ = {
			isa = PBXGroup;
			children = (
				AB955216297B464600012320 /* ErrorProblems_Ch2UITests.swift */,
				AB955218297B464600012320 /* ErrorProblems_Ch2UITestsLaunchTests.swift */,
			);
			path = ErrorProblems_Ch2UITests;
			sourceTree = "<group>";
		};
/* End PBXGroup section */

/* Begin PBXNativeTarget section */
		AB9551F6297B464500012320 /* ErrorProblems_Ch2 */ = {
			isa = PBXNativeTarget;
			buildConfigurationList = AB95521C297B464600012320 /* Build configuration list for PBXNativeTarget "ErrorProblems_Ch2" */;
			buildPhases = (
				AB9551F3297B464500012320 /* Sources */,
				AB9551F4297B464500012320 /* Frameworks */,
				AB9551F5297B464500012320 /* Resources */,
			);
			buildRules = (
			);
			dependencies = (
			);
			name = ErrorProblems_Ch2;
			productName = ErrorProblems_Ch2;
			productReference = AB9551F7297B464500012320 /* ErrorProblems_Ch2.app */;
			productType = "com.apple.product-type.application";
		};
		AB955207297B464600012320 /* ErrorProblems_Ch2Tests */ = {
			isa = PBXNativeTarget;
			buildConfigurationList = AB95521F297B464600012320 /* Build configuration list for PBXNativeTarget "ErrorProblems_Ch2Tests" */;
			buildPhases = (
				AB955204297B464600012320 /* Sources */,
				AB955205297B464600012320 /* Frameworks */,
				AB955206297B464600012320 /* Resources */,
			);
			buildRules = (
			);
			dependencies = (
				AB95520A297B464600012320 /* PBXTargetDependency */,
			);
			name = ErrorProblems_Ch2Tests;
			productName = ErrorProblems_Ch2Tests;
			productReference = AB955208297B464600012320 /* ErrorProblems_Ch2Tests.xctest */;
			productType = "com.apple.product-type.bundle.unit-test";
		};
		AB955211297B464600012320 /* ErrorProblems_Ch2UITests */ = {
			isa = PBXNativeTarget;
			buildConfigurationList = AB955222297B464600012320 /* Build configuration list for PBXNativeTarget "ErrorProblems_Ch2UITests" */;
			buildPhases = (
				AB95520E297B464600012320 /* Sources */,
				AB95520F297B464600012320 /* Frameworks */,
				AB955210297B464600012320 /* Resources */,
			);
			buildRules = (
			);
			dependencies = (
				AB955214297B464600012320 /* PBXTargetDependency */,
			);
			name = ErrorProblems_Ch2UITests;
			productName = ErrorProblems_Ch2UITests;
			productReference = AB955212297B464600012320 /* ErrorProblems_Ch2UITests.xctest */;
			productType = "com.apple.product-type.bundle.ui-testing";
		};
/* End PBXNativeTarget section */

/* Begin PBXProject section */
		AB9551EF297B464500012320 /* Project object */ = {
			isa = PBXProject;
			attributes = {
				BuildIndependentTargetsInParallel = 1;
				LastSwiftUpdateCheck = 1420;
				LastUpgradeCheck = 1420;
				TargetAttributes = {
					AB9551F6297B464500012320 = {
						CreatedOnToolsVersion = 14.2;
					};
					AB955207297B464600012320 = {
						CreatedOnToolsVersion = 14.2;
						TestTargetID = AB9551F6297B464500012320;
					};
					AB955211297B464600012320 = {
						CreatedOnToolsVersion = 14.2;
						TestTargetID = AB9551F6297B464500012320;
					};
				};
			};
			buildConfigurationList = AB9551F2297B464500012320 /* Build configuration list for PBXProject "ErrorProblems_Ch2" */;
			compatibilityVersion = "Xcode 14.0";
			developmentRegion = en;
			hasScannedForEncodings = 0;
			knownRegions = (
				en,
				Base,
			);
			mainGroup = AB9551EE297B464500012320;
			productRefGroup = AB9551F8297B464500012320 /* Products */;
			projectDirPath = "";
			projectRoot = "";
			targets = (
				AB9551F6297B464500012320 /* ErrorProblems_Ch2 */,
				AB955207297B464600012320 /* ErrorProblems_Ch2Tests */,
				AB955211297B464600012320 /* ErrorProblems_Ch2UITests */,
			);
		};
/* End PBXProject section */

/* Begin PBXResourcesBuildPhase section */
		AB9551F5297B464500012320 /* Resources */ = {
			isa = PBXResourcesBuildPhase;
			buildActionMask = 2147483647;
			files = (
				AB955203297B464600012320 /* Preview Assets.xcassets in Resources */,
				AB9551FF297B464600012320 /* Assets.xcassets in Resources */,
			);
			runOnlyForDeploymentPostprocessing = 0;
		};
		AB955206297B464600012320 /* Resources */ = {
			isa = PBXResourcesBuildPhase;
			buildActionMask = 2147483647;
			files = (
			);
			runOnlyForDeploymentPostprocessing = 0;
		};
		AB955210297B464600012320 /* Resources */ = {
			isa = PBXResourcesBuildPhase;
			buildActionMask = 2147483647;
			files = (
			);
			runOnlyForDeploymentPostprocessing = 0;
		};
/* End PBXResourcesBuildPhase section */

/* Begin PBXSourcesBuildPhase section */
		AB9551F3297B464500012320 /* Sources */ = {
			isa = PBXSourcesBuildPhase;
			buildActionMask = 2147483647;
			files = (
				AB9551FD297B464500012320 /* ContentView.swift in Sources */,
				AB9551FB297B464500012320 /* ErrorProblems_Ch2App.swift in Sources */,
			);
			runOnlyForDeploymentPostprocessing = 0;
		};
		AB955204297B464600012320 /* Sources */ = {
			isa = PBXSourcesBuildPhase;
			buildActionMask = 2147483647;
			files = (
				AB95520D297B464600012320 /* ErrorProblems_Ch2Tests.swift in Sources */,
			);
			runOnlyForDeploymentPostprocessing = 0;
		};
		AB95520E297B464600012320 /* Sources */ = {
			isa = PBXSourcesBuildPhase;
			buildActionMask = 2147483647;
			files = (
				AB955217297B464600012320 /* ErrorProblems_Ch2UITests.swift in Sources */,
				AB955219297B464600012320 /* ErrorProblems_Ch2UITestsLaunchTests.swift in Sources */,
			);
			runOnlyForDeploymentPostprocessing = 0;
		};
/* End PBXSourcesBuildPhase section */

/* Begin PBXTargetDependency section */
		AB95520A297B464600012320 /* PBXTargetDependency */ = {
			isa = PBXTargetDependency;
			target = AB9551F6297B464500012320 /* ErrorProblems_Ch2 */;
			targetProxy = AB955209297B464600012320 /* PBXContainerItemProxy */;
		};
		AB955214297B464600012320 /* PBXTargetDependency */ = {
			isa = PBXTargetDependency;
			target = AB9551F6297B464500012320 /* ErrorProblems_Ch2 */;
			targetProxy = AB955213297B464600012320 /* PBXContainerItemProxy */;
		};
/* End PBXTargetDependency section */

/* Begin XCBuildConfiguration section */
		AB95521A297B464600012320 /* Debug */ = {
			isa = XCBuildConfiguration;
			buildSettings = {
				ALWAYS_SEARCH_USER_PATHS = NO;
				CLANG_ANALYZER_NONNULL = YES;
				CLANG_ANALYZER_NUMBER_OBJECT_CONVERSION = YES_AGGRESSIVE;
				CLANG_CXX_LANGUAGE_STANDARD = "gnu++20";
				CLANG_ENABLE_MODULES = YES;
				CLANG_ENABLE_OBJC_ARC = YES;
				CLANG_ENABLE_OBJC_WEAK = YES;
				CLANG_WARN_BLOCK_CAPTURE_AUTORELEASING = YES;
				CLANG_WARN_BOOL_CONVERSION = YES;
				CLANG_WARN_COMMA = YES;
				CLANG_WARN_CONSTANT_CONVERSION = YES;
				CLANG_WARN_DEPRECATED_OBJC_IMPLEMENTATIONS = YES;
				CLANG_WARN_DIRECT_OBJC_ISA_USAGE = YES_ERROR;
				CLANG_WARN_DOCUMENTATION_COMMENTS = YES;
				CLANG_WARN_EMPTY_BODY = YES;
				CLANG_WARN_ENUM_CONVERSION = YES;
				CLANG_WARN_INFINITE_RECURSION = YES;
				CLANG_WARN_INT_CONVERSION = YES;
				CLANG_WARN_NON_LITERAL_NULL_CONVERSION = YES;
				CLANG_WARN_OBJC_IMPLICIT_RETAIN_SELF = YES;
				CLANG_WARN_OBJC_LITERAL_CONVERSION = YES;
				CLANG_WARN_OBJC_ROOT_CLASS = YES_ERROR;
				CLANG_WARN_QUOTED_INCLUDE_IN_FRAMEWORK_HEADER = YES;
				CLANG_WARN_RANGE_LOOP_ANALYSIS = YES;
				CLANG_WARN_STRICT_PROTOTYPES = YES;
				CLANG_WARN_SUSPICIOUS_MOVE = YES;
				CLANG_WARN_UNGUARDED_AVAILABILITY = YES_AGGRESSIVE;
				CLANG_WARN_UNREACHABLE_CODE = YES;
				CLANG_WARN__DUPLICATE_METHOD_MATCH = YES;
				COPY_PHASE_STRIP = NO;
				DEBUG_INFORMATION_FORMAT = dwarf;
				ENABLE_STRICT_OBJC_MSGSEND = YES;
				ENABLE_TESTABILITY = YES;
				GCC_C_LANGUAGE_STANDARD = gnu11;
				GCC_DYNAMIC_NO_PIC = NO;
				GCC_NO_COMMON_BLOCKS = YES;
				GCC_OPTIMIZATION_LEVEL = 0;
				GCC_PREPROCESSOR_DEFINITIONS = (
					"DEBUG=1",
					"$(inherited)",
				);
				GCC_WARN_64_TO_32_BIT_CONVERSION = YES;
				GCC_WARN_ABOUT_RETURN_TYPE = YES_ERROR;
				GCC_WARN_UNDECLARED_SELECTOR = YES;
				GCC_WARN_UNINITIALIZED_AUTOS = YES_AGGRESSIVE;
				GCC_WARN_UNUSED_FUNCTION = YES;
				GCC_WARN_UNUSED_VARIABLE = YES;
				MTL_ENABLE_DEBUG_INFO = INCLUDE_SOURCE;
				MTL_FAST_MATH = YES;
				ONLY_ACTIVE_ARCH = YES;
				SWIFT_ACTIVE_COMPILATION_CONDITIONS = DEBUG;
				SWIFT_OPTIMIZATION_LEVEL = "-Onone";
			};
			name = Debug;
		};
		AB95521B297B464600012320 /* Release */ = {
			isa = XCBuildConfiguration;
			buildSettings = {
				ALWAYS_SEARCH_USER_PATHS = NO;
				CLANG_ANALYZER_NONNULL = YES;
				CLANG_ANALYZER_NUMBER_OBJECT_CONVERSION = YES_AGGRESSIVE;
				CLANG_CXX_LANGUAGE_STANDARD = "gnu++20";
				CLANG_ENABLE_MODULES = YES;
				CLANG_ENABLE_OBJC_ARC = YES;
				CLANG_ENABLE_OBJC_WEAK = YES;
				CLANG_WARN_BLOCK_CAPTURE_AUTORELEASING = YES;
				CLANG_WARN_BOOL_CONVERSION = YES;
				CLANG_WARN_COMMA = YES;
				CLANG_WARN_CONSTANT_CONVERSION = YES;
				CLANG_WARN_DEPRECATED_OBJC_IMPLEMENTATIONS = YES;
				CLANG_WARN_DIRECT_OBJC_ISA_USAGE = YES_ERROR;
				CLANG_WARN_DOCUMENTATION_COMMENTS = YES;
				CLANG_WARN_EMPTY_BODY = YES;
				CLANG_WARN_ENUM_CONVERSION = YES;
				CLANG_WARN_INFINITE_RECURSION = YES;
				CLANG_WARN_INT_CONVERSION = YES;
				CLANG_WARN_NON_LITERAL_NULL_CONVERSION = YES;
				CLANG_WARN_OBJC_IMPLICIT_RETAIN_SELF = YES;
				CLANG_WARN_OBJC_LITERAL_CONVERSION = YES;
				CLANG_WARN_OBJC_ROOT_CLASS = YES_ERROR;
				CLANG_WARN_QUOTED_INCLUDE_IN_FRAMEWORK_HEADER = YES;
				CLANG_WARN_RANGE_LOOP_ANALYSIS = YES;
				CLANG_WARN_STRICT_PROTOTYPES = YES;
				CLANG_WARN_SUSPICIOUS_MOVE = YES;
				CLANG_WARN_UNGUARDED_AVAILABILITY = YES_AGGRESSIVE;
				CLANG_WARN_UNREACHABLE_CODE = YES;
				CLANG_WARN__DUPLICATE_METHOD_MATCH = YES;
				COPY_PHASE_STRIP = NO;
				DEBUG_INFORMATION_FORMAT = "dwarf-with-dsym";
				ENABLE_NS_ASSERTIONS = NO;
				ENABLE_STRICT_OBJC_MSGSEND = YES;
				GCC_C_LANGUAGE_STANDARD = gnu11;
				GCC_NO_COMMON_BLOCKS = YES;
				GCC_WARN_64_TO_32_BIT_CONVERSION = YES;
				GCC_WARN_ABOUT_RETURN_TYPE = YES_ERROR;
				GCC_WARN_UNDECLARED_SELECTOR = YES;
				GCC_WARN_UNINITIALIZED_AUTOS = YES_AGGRESSIVE;
				GCC_WARN_UNUSED_FUNCTION = YES;
				GCC_WARN_UNUSED_VARIABLE = YES;
				MTL_ENABLE_DEBUG_INFO = NO;
				MTL_FAST_MATH = YES;
				SWIFT_COMPILATION_MODE = wholemodule;
				SWIFT_OPTIMIZATION_LEVEL = "-O";
			};
			name = Release;
		};
		AB95521D297B464600012320 /* Debug */ = {
			isa = XCBuildConfiguration;
			buildSettings = {
				ASSETCATALOG_COMPILER_APPICON_NAME = AppIcon;
				ASSETCATALOG_COMPILER_GLOBAL_ACCENT_COLOR_NAME = AccentColor;
				CODE_SIGN_ENTITLEMENTS = ErrorProblems_Ch2/ErrorProblems_Ch2.entitlements;
				CODE_SIGN_STYLE = Automatic;
				CURRENT_PROJECT_VERSION = 1;
				DEVELOPMENT_ASSET_PATHS = "\"ErrorProblems_Ch2/Preview Content\"";
				ENABLE_PREVIEWS = YES;
				GENERATE_INFOPLIST_FILE = YES;
				"INFOPLIST_KEY_UIApplicationSceneManifest_Generation[sdk=iphoneos*]" = YES;
				"INFOPLIST_KEY_UIApplicationSceneManifest_Generation[sdk=iphonesimulator*]" = YES;
				"INFOPLIST_KEY_UIApplicationSupportsIndirectInputEvents[sdk=iphoneos*]" = YES;
				"INFOPLIST_KEY_UIApplicationSupportsIndirectInputEvents[sdk=iphonesimulator*]" = YES;
				"INFOPLIST_KEY_UILaunchScreen_Generation[sdk=iphoneos*]" = YES;
				"INFOPLIST_KEY_UILaunchScreen_Generation[sdk=iphonesimulator*]" = YES;
				"INFOPLIST_KEY_UIStatusBarStyle[sdk=iphoneos*]" = UIStatusBarStyleDefault;
				"INFOPLIST_KEY_UIStatusBarStyle[sdk=iphonesimulator*]" = UIStatusBarStyleDefault;
				INFOPLIST_KEY_UISupportedInterfaceOrientations_iPad = "UIInterfaceOrientationPortrait UIInterfaceOrientationPortraitUpsideDown UIInterfaceOrientationLandscapeLeft UIInterfaceOrientationLandscapeRight";
				INFOPLIST_KEY_UISupportedInterfaceOrientations_iPhone = "UIInterfaceOrientationPortrait UIInterfaceOrientationLandscapeLeft UIInterfaceOrientationLandscapeRight";
				IPHONEOS_DEPLOYMENT_TARGET = 16.2;
				LD_RUNPATH_SEARCH_PATHS = "@executable_path/Frameworks";
				"LD_RUNPATH_SEARCH_PATHS[sdk=macosx*]" = "@executable_path/../Frameworks";
				MACOSX_DEPLOYMENT_TARGET = 13.1;
				MARKETING_VERSION = 1.0;
				PRODUCT_BUNDLE_IDENTIFIER = "com.LS.ErrorProblems-Ch2";
				PRODUCT_NAME = "$(TARGET_NAME)";
				SDKROOT = auto;
				SUPPORTED_PLATFORMS = "iphoneos iphonesimulator macosx";
				SWIFT_EMIT_LOC_STRINGS = YES;
				SWIFT_VERSION = 5.0;
				TARGETED_DEVICE_FAMILY = "1,2";
			};
			name = Debug;
		};
		AB95521E297B464600012320 /* Release */ = {
			isa = XCBuildConfiguration;
			buildSettings = {
				ASSETCATALOG_COMPILER_APPICON_NAME = AppIcon;
				ASSETCATALOG_COMPILER_GLOBAL_ACCENT_COLOR_NAME = AccentColor;
				CODE_SIGN_ENTITLEMENTS = ErrorProblems_Ch2/ErrorProblems_Ch2.entitlements;
				CODE_SIGN_STYLE = Automatic;
				CURRENT_PROJECT_VERSION = 1;
				DEVELOPMENT_ASSET_PATHS = "\"ErrorProblems_Ch2/Preview Content\"";
				ENABLE_PREVIEWS = YES;
				GENERATE_INFOPLIST_FILE = YES;
				"INFOPLIST_KEY_UIApplicationSceneManifest_Generation[sdk=iphoneos*]" = YES;
				"INFOPLIST_KEY_UIApplicationSceneManifest_Generation[sdk=iphonesimulator*]" = YES;
				"INFOPLIST_KEY_UIApplicationSupportsIndirectInputEvents[sdk=iphoneos*]" = YES;
				"INFOPLIST_KEY_UIApplicationSupportsIndirectInputEvents[sdk=iphonesimulator*]" = YES;
				"INFOPLIST_KEY_UILaunchScreen_Generation[sdk=iphoneos*]" = YES;
				"INFOPLIST_KEY_UILaunchScreen_Generation[sdk=iphonesimulator*]" = YES;
				"INFOPLIST_KEY_UIStatusBarStyle[sdk=iphoneos*]" = UIStatusBarStyleDefault;
				"INFOPLIST_KEY_UIStatusBarStyle[sdk=iphonesimulator*]" = UIStatusBarStyleDefault;
				INFOPLIST_KEY_UISupportedInterfaceOrientations_iPad = "UIInterfaceOrientationPortrait UIInterfaceOrientationPortraitUpsideDown UIInterfaceOrientationLandscapeLeft UIInterfaceOrientationLandscapeRight";
				INFOPLIST_KEY_UISupportedInterfaceOrientations_iPhone = "UIInterfaceOrientationPortrait UIInterfaceOrientationLandscapeLeft UIInterfaceOrientationLandscapeRight";
				IPHONEOS_DEPLOYMENT_TARGET = 16.2;
				LD_RUNPATH_SEARCH_PATHS = "@executable_path/Frameworks";
				"LD_RUNPATH_SEARCH_PATHS[sdk=macosx*]" = "@executable_path/../Frameworks";
				MACOSX_DEPLOYMENT_TARGET = 13.1;
				MARKETING_VERSION = 1.0;
				PRODUCT_BUNDLE_IDENTIFIER = "com.LS.ErrorProblems-Ch2";
				PRODUCT_NAME = "$(TARGET_NAME)";
				SDKROOT = auto;
				SUPPORTED_PLATFORMS = "iphoneos iphonesimulator macosx";
				SWIFT_EMIT_LOC_STRINGS = YES;
				SWIFT_VERSION = 5.0;
				TARGETED_DEVICE_FAMILY = "1,2";
			};
			name = Release;
		};
		AB955220297B464600012320 /* Debug */ = {
			isa = XCBuildConfiguration;
			buildSettings = {
				ALWAYS_EMBED_SWIFT_STANDARD_LIBRARIES = YES;
				BUNDLE_LOADER = "$(TEST_HOST)";
				CODE_SIGN_STYLE = Automatic;
				CURRENT_PROJECT_VERSION = 1;
				GENERATE_INFOPLIST_FILE = YES;
				IPHONEOS_DEPLOYMENT_TARGET = 16.2;
				MACOSX_DEPLOYMENT_TARGET = 13.1;
				MARKETING_VERSION = 1.0;
				PRODUCT_BUNDLE_IDENTIFIER = "com.LS.ErrorProblems-Ch2Tests";
				PRODUCT_NAME = "$(TARGET_NAME)";
				SDKROOT = auto;
				SUPPORTED_PLATFORMS = "iphoneos iphonesimulator macosx";
				SWIFT_EMIT_LOC_STRINGS = NO;
				SWIFT_VERSION = 5.0;
				TARGETED_DEVICE_FAMILY = "1,2";
				TEST_HOST = "$(BUILT_PRODUCTS_DIR)/ErrorProblems_Ch2.app/$(BUNDLE_EXECUTABLE_FOLDER_PATH)/ErrorProblems_Ch2";
			};
			name = Debug;
		};
		AB955221297B464600012320 /* Release */ = {
			isa = XCBuildConfiguration;
			buildSettings = {
				ALWAYS_EMBED_SWIFT_STANDARD_LIBRARIES = YES;
				BUNDLE_LOADER = "$(TEST_HOST)";
				CODE_SIGN_STYLE = Automatic;
				CURRENT_PROJECT_VERSION = 1;
				GENERATE_INFOPLIST_FILE = YES;
				IPHONEOS_DEPLOYMENT_TARGET = 16.2;
				MACOSX_DEPLOYMENT_TARGET = 13.1;
				MARKETING_VERSION = 1.0;
				PRODUCT_BUNDLE_IDENTIFIER = "com.LS.ErrorProblems-Ch2Tests";
				PRODUCT_NAME = "$(TARGET_NAME)";
				SDKROOT = auto;
				SUPPORTED_PLATFORMS = "iphoneos iphonesimulator macosx";
				SWIFT_EMIT_LOC_STRINGS = NO;
				SWIFT_VERSION = 5.0;
				TARGETED_DEVICE_FAMILY = "1,2";
				TEST_HOST = "$(BUILT_PRODUCTS_DIR)/ErrorProblems_Ch2.app/$(BUNDLE_EXECUTABLE_FOLDER_PATH)/ErrorProblems_Ch2";
			};
			name = Release;
		};
		AB955223297B464600012320 /* Debug */ = {
			isa = XCBuildConfiguration;
			buildSettings = {
				ALWAYS_EMBED_SWIFT_STANDARD_LIBRARIES = YES;
				CODE_SIGN_STYLE = Automatic;
				CURRENT_PROJECT_VERSION = 1;
				GENERATE_INFOPLIST_FILE = YES;
				IPHONEOS_DEPLOYMENT_TARGET = 16.2;
				MACOSX_DEPLOYMENT_TARGET = 13.1;
				MARKETING_VERSION = 1.0;
				PRODUCT_BUNDLE_IDENTIFIER = "com.LS.ErrorProblems-Ch2UITests";
				PRODUCT_NAME = "$(TARGET_NAME)";
				SDKROOT = auto;
				SUPPORTED_PLATFORMS = "iphoneos iphonesimulator macosx";
				SWIFT_EMIT_LOC_STRINGS = NO;
				SWIFT_VERSION = 5.0;
				TARGETED_DEVICE_FAMILY = "1,2";
				TEST_TARGET_NAME = ErrorProblems_Ch2;
			};
			name = Debug;
		};
		AB955224297B464600012320 /* Release */ = {
			isa = XCBuildConfiguration;
			buildSettings = {
				ALWAYS_EMBED_SWIFT_STANDARD_LIBRARIES = YES;
				CODE_SIGN_STYLE = Automatic;
				CURRENT_PROJECT_VERSION = 1;
				GENERATE_INFOPLIST_FILE = YES;
				IPHONEOS_DEPLOYMENT_TARGET = 16.2;
				MACOSX_DEPLOYMENT_TARGET = 13.1;
				MARKETING_VERSION = 1.0;
				PRODUCT_BUNDLE_IDENTIFIER = "com.LS.ErrorProblems-Ch2UITests";
				PRODUCT_NAME = "$(TARGET_NAME)";
				SDKROOT = auto;
				SUPPORTED_PLATFORMS = "iphoneos iphonesimulator macosx";
				SWIFT_EMIT_LOC_STRINGS = NO;
				SWIFT_VERSION = 5.0;
				TARGETED_DEVICE_FAMILY = "1,2";
				TEST_TARGET_NAME = ErrorProblems_Ch2;
			};
			name = Release;
		};
/* End XCBuildConfiguration section */

/* Begin XCConfigurationList section */
		AB9551F2297B464500012320 /* Build configuration list for PBXProject "ErrorProblems_Ch2" */ = {
			isa = XCConfigurationList;
			buildConfigurations = (
				AB95521A297B464600012320 /* Debug */,
				AB95521B297B464600012320 /* Release */,
			);
			defaultConfigurationIsVisible = 0;
			defaultConfigurationName = Release;
		};
		AB95521C297B464600012320 /* Build configuration list for PBXNativeTarget "ErrorProblems_Ch2" */ = {
			isa = XCConfigurationList;
			buildConfigurations = (
				AB95521D297B464600012320 /* Debug */,
				AB95521E297B464600012320 /* Release */,
			);
			defaultConfigurationIsVisible = 0;
			defaultConfigurationName = Release;
		};
		AB95521F297B464600012320 /* Build configuration list for PBXNativeTarget "ErrorProblems_Ch2Tests" */ = {
			isa = XCConfigurationList;
			buildConfigurations = (
				AB955220297B464600012320 /* Debug */,
				AB955221297B464600012320 /* Release */,
			);
			defaultConfigurationIsVisible = 0;
			defaultConfigurationName = Release;
		};
		AB955222297B464600012320 /* Build configuration list for PBXNativeTarget "ErrorProblems_Ch2UITests" */ = {
			isa = XCConfigurationList;
			buildConfigurations = (
				AB955223297B464600012320 /* Debug */,
				AB955224297B464600012320 /* Release */,
			);
			defaultConfigurationIsVisible = 0;
			defaultConfigurationName = Release;
		};
/* End XCConfigurationList section */
	};
	rootObject = AB9551EF297B464500012320 /* Project object */;
}
